
Microsoft Visual Studio Solution File, Format Version 12.00
# Visual Studio Version 17
VisualStudioVersion = 17.0.31919.166
MinimumVisualStudioVersion = 10.0.40219.1
Project("{FAE04EC0-301F-11D3-BF4B-00C04F79EFBC}") = "2.2.12-2.2.15", "2.2.12-2.2.15\2.2.12-2.2.15.csproj", "{2C30B5AD-9132-47C8-A422-570109F0F257}"
EndProject
Project("{FAE04EC0-301F-11D3-BF4B-00C04F79EFBC}") = "2.2.14", "2.2.14\2.2.14.csproj", "{B873BA55-E036-42A0-997E-A4E613F3B5B9}"
EndProject
Project("{FAE04EC0-301F-11D3-BF4B-00C04F79EFBC}") = "2.2.15", "2.2.15\2.2.15.csproj", "{278984BE-C538-47C0-99AF-5BA403858202}"
EndProject
Global
	GlobalSection(SolutionConfigurationPlatforms) = preSolution
		Debug|Any CPU = Debug|Any CPU
		Release|Any CPU = Release|Any CPU
	EndGlobalSection
	GlobalSection(ProjectConfigurationPlatforms) = postSolution
		{2C30B5AD-9132-47C8-A422-570109F0F257}.Debug|Any CPU.ActiveCfg = Debug|Any CPU
		{2C30B5AD-9132-47C8-A422-570109F0F257}.Debug|Any CPU.Build.0 = Debug|Any CPU
		{2C30B5AD-9132-47C8-A422-570109F0F257}.Release|Any CPU.ActiveCfg = Release|Any CPU
		{2C30B5AD-9132-47C8-A422-570109F0F257}.Release|Any CPU.Build.0 = Release|Any CPU
		{B873BA55-E036-42A0-997E-A4E613F3B5B9}.Debug|Any CPU.ActiveCfg = Debug|Any CPU
		{B873BA55-E036-42A0-997E-A4E613F3B5B9}.Debug|Any CPU.Build.0 = Debug|Any CPU
		{B873BA55-E036-42A0-997E-A4E613F3B5B9}.Release|Any CPU.ActiveCfg = Release|Any CPU
		{B873BA55-E036-42A0-997E-A4E613F3B5B9}.Release|Any CPU.Build.0 = Release|Any CPU
		{278984BE-C538-47C0-99AF-5BA403858202}.Debug|Any CPU.ActiveCfg = Debug|Any CPU
		{278984BE-C538-47C0-99AF-5BA403858202}.Debug|Any CPU.Build.0 = Debug|Any CPU
		{278984BE-C538-47C0-99AF-5BA403858202}.Release|Any CPU.ActiveCfg = Release|Any CPU
		{278984BE-C538-47C0-99AF-5BA403858202}.Release|Any CPU.Build.0 = Release|Any CPU
	EndGlobalSection
	GlobalSection(SolutionProperties) = preSolution
		HideSolutionNode = FALSE
	EndGlobalSection
	GlobalSection(ExtensibilityGlobals) = postSolution
		SolutionGuid = {4087EFCB-282C-4E6B-8BA6-B50566CCC128}
	EndGlobalSection
EndGlobal
