
Microsoft Visual Studio Solution File, Format Version 12.00
# Visual Studio Version 17
VisualStudioVersion = 17.0.31919.166
MinimumVisualStudioVersion = 10.0.40219.1
Project("{FAE04EC0-301F-11D3-BF4B-00C04F79EFBC}") = "1.6.2 a ve b", "1.6.2 a ve b\1.6.2 a ve b.csproj", "{11DD974C-0F4C-4480-A3C4-0C0400505EE6}"
EndProject
Project("{FAE04EC0-301F-11D3-BF4B-00C04F79EFBC}") = "1.6.2 key", "1.6.2 key\1.6.2 key.csproj", "{34F62FDA-A1AA-4EB2-9036-932F725BB7CE}"
EndProject
Global
	GlobalSection(SolutionConfigurationPlatforms) = preSolution
		Debug|Any CPU = Debug|Any CPU
		Release|Any CPU = Release|Any CPU
	EndGlobalSection
	GlobalSection(ProjectConfigurationPlatforms) = postSolution
		{11DD974C-0F4C-4480-A3C4-0C0400505EE6}.Debug|Any CPU.ActiveCfg = Debug|Any CPU
		{11DD974C-0F4C-4480-A3C4-0C0400505EE6}.Debug|Any CPU.Build.0 = Debug|Any CPU
		{11DD974C-0F4C-4480-A3C4-0C0400505EE6}.Release|Any CPU.ActiveCfg = Release|Any CPU
		{11DD974C-0F4C-4480-A3C4-0C0400505EE6}.Release|Any CPU.Build.0 = Release|Any CPU
		{34F62FDA-A1AA-4EB2-9036-932F725BB7CE}.Debug|Any CPU.ActiveCfg = Debug|Any CPU
		{34F62FDA-A1AA-4EB2-9036-932F725BB7CE}.Debug|Any CPU.Build.0 = Debug|Any CPU
		{34F62FDA-A1AA-4EB2-9036-932F725BB7CE}.Release|Any CPU.ActiveCfg = Release|Any CPU
		{34F62FDA-A1AA-4EB2-9036-932F725BB7CE}.Release|Any CPU.Build.0 = Release|Any CPU
	EndGlobalSection
	GlobalSection(SolutionProperties) = preSolution
		HideSolutionNode = FALSE
	EndGlobalSection
	GlobalSection(ExtensibilityGlobals) = postSolution
		SolutionGuid = {6A6B1C97-9FC2-47E3-A9A0-315CFC19E36C}
	EndGlobalSection
EndGlobal
