
Microsoft Visual Studio Solution File, Format Version 12.00
# Visual Studio Version 17
VisualStudioVersion = 17.0.31919.166
MinimumVisualStudioVersion = 10.0.40219.1
Project("{FAE04EC0-301F-11D3-BF4B-00C04F79EFBC}") = "2.1.15 -2.1.17", "2.1.15 -2.1.17\2.1.15 -2.1.17.csproj", "{187B9F4C-2532-4F1B-82CF-E1DD117AD96B}"
EndProject
Project("{FAE04EC0-301F-11D3-BF4B-00C04F79EFBC}") = "2.1.16", "2.1.16\2.1.16.csproj", "{C0DFCA0F-B1FA-4F00-A372-7DA8C820A737}"
EndProject
Project("{FAE04EC0-301F-11D3-BF4B-00C04F79EFBC}") = "2.1.17", "2.1.17\2.1.17.csproj", "{3B29A8EB-7E07-4681-9DD7-FCFA6A709760}"
EndProject
Global
	GlobalSection(SolutionConfigurationPlatforms) = preSolution
		Debug|Any CPU = Debug|Any CPU
		Release|Any CPU = Release|Any CPU
	EndGlobalSection
	GlobalSection(ProjectConfigurationPlatforms) = postSolution
		{187B9F4C-2532-4F1B-82CF-E1DD117AD96B}.Debug|Any CPU.ActiveCfg = Debug|Any CPU
		{187B9F4C-2532-4F1B-82CF-E1DD117AD96B}.Debug|Any CPU.Build.0 = Debug|Any CPU
		{187B9F4C-2532-4F1B-82CF-E1DD117AD96B}.Release|Any CPU.ActiveCfg = Release|Any CPU
		{187B9F4C-2532-4F1B-82CF-E1DD117AD96B}.Release|Any CPU.Build.0 = Release|Any CPU
		{C0DFCA0F-B1FA-4F00-A372-7DA8C820A737}.Debug|Any CPU.ActiveCfg = Debug|Any CPU
		{C0DFCA0F-B1FA-4F00-A372-7DA8C820A737}.Debug|Any CPU.Build.0 = Debug|Any CPU
		{C0DFCA0F-B1FA-4F00-A372-7DA8C820A737}.Release|Any CPU.ActiveCfg = Release|Any CPU
		{C0DFCA0F-B1FA-4F00-A372-7DA8C820A737}.Release|Any CPU.Build.0 = Release|Any CPU
		{3B29A8EB-7E07-4681-9DD7-FCFA6A709760}.Debug|Any CPU.ActiveCfg = Debug|Any CPU
		{3B29A8EB-7E07-4681-9DD7-FCFA6A709760}.Debug|Any CPU.Build.0 = Debug|Any CPU
		{3B29A8EB-7E07-4681-9DD7-FCFA6A709760}.Release|Any CPU.ActiveCfg = Release|Any CPU
		{3B29A8EB-7E07-4681-9DD7-FCFA6A709760}.Release|Any CPU.Build.0 = Release|Any CPU
	EndGlobalSection
	GlobalSection(SolutionProperties) = preSolution
		HideSolutionNode = FALSE
	EndGlobalSection
	GlobalSection(ExtensibilityGlobals) = postSolution
		SolutionGuid = {0B0E3E96-CF63-4EFE-9C8C-6911B9BADAB2}
	EndGlobalSection
EndGlobal
