
Microsoft Visual Studio Solution File, Format Version 12.00
# Visual Studio Version 17
VisualStudioVersion = 17.0.31919.166
MinimumVisualStudioVersion = 10.0.40219.1
Project("{FAE04EC0-301F-11D3-BF4B-00C04F79EFBC}") = "2.2.6_2.2.7", "2.2.6_2.2.7\2.2.6_2.2.7.csproj", "{A8064DDA-6660-403B-B6C1-DC33FD03FEC4}"
EndProject
Project("{FAE04EC0-301F-11D3-BF4B-00C04F79EFBC}") = "2.2.7", "2.2.7\2.2.7.csproj", "{5137E56E-18D6-4F0C-BA09-83F4DE04C964}"
EndProject
Project("{FAE04EC0-301F-11D3-BF4B-00C04F79EFBC}") = "2.2.6D", "2.2.6D\2.2.6D.csproj", "{0782A9E3-58CC-485B-B6CD-E84ED1E51D82}"
EndProject
Global
	GlobalSection(SolutionConfigurationPlatforms) = preSolution
		Debug|Any CPU = Debug|Any CPU
		Release|Any CPU = Release|Any CPU
	EndGlobalSection
	GlobalSection(ProjectConfigurationPlatforms) = postSolution
		{A8064DDA-6660-403B-B6C1-DC33FD03FEC4}.Debug|Any CPU.ActiveCfg = Debug|Any CPU
		{A8064DDA-6660-403B-B6C1-DC33FD03FEC4}.Debug|Any CPU.Build.0 = Debug|Any CPU
		{A8064DDA-6660-403B-B6C1-DC33FD03FEC4}.Release|Any CPU.ActiveCfg = Release|Any CPU
		{A8064DDA-6660-403B-B6C1-DC33FD03FEC4}.Release|Any CPU.Build.0 = Release|Any CPU
		{5137E56E-18D6-4F0C-BA09-83F4DE04C964}.Debug|Any CPU.ActiveCfg = Debug|Any CPU
		{5137E56E-18D6-4F0C-BA09-83F4DE04C964}.Debug|Any CPU.Build.0 = Debug|Any CPU
		{5137E56E-18D6-4F0C-BA09-83F4DE04C964}.Release|Any CPU.ActiveCfg = Release|Any CPU
		{5137E56E-18D6-4F0C-BA09-83F4DE04C964}.Release|Any CPU.Build.0 = Release|Any CPU
		{0782A9E3-58CC-485B-B6CD-E84ED1E51D82}.Debug|Any CPU.ActiveCfg = Debug|Any CPU
		{0782A9E3-58CC-485B-B6CD-E84ED1E51D82}.Debug|Any CPU.Build.0 = Debug|Any CPU
		{0782A9E3-58CC-485B-B6CD-E84ED1E51D82}.Release|Any CPU.ActiveCfg = Release|Any CPU
		{0782A9E3-58CC-485B-B6CD-E84ED1E51D82}.Release|Any CPU.Build.0 = Release|Any CPU
	EndGlobalSection
	GlobalSection(SolutionProperties) = preSolution
		HideSolutionNode = FALSE
	EndGlobalSection
	GlobalSection(ExtensibilityGlobals) = postSolution
		SolutionGuid = {744B4C7E-FFFC-43CF-9B46-3A77A45A8967}
	EndGlobalSection
EndGlobal
