
Microsoft Visual Studio Solution File, Format Version 12.00
# Visual Studio Version 17
VisualStudioVersion = 17.0.31919.166
MinimumVisualStudioVersion = 10.0.40219.1
Project("{FAE04EC0-301F-11D3-BF4B-00C04F79EFBC}") = "Reqem sayini tap", "Reqem sayini tap\Reqem sayini tap.csproj", "{B80296E2-B9BF-4071-B6EF-6D09AC68B8A7}"
EndProject
Global
	GlobalSection(SolutionConfigurationPlatforms) = preSolution
		Debug|Any CPU = Debug|Any CPU
		Release|Any CPU = Release|Any CPU
	EndGlobalSection
	GlobalSection(ProjectConfigurationPlatforms) = postSolution
		{B80296E2-B9BF-4071-B6EF-6D09AC68B8A7}.Debug|Any CPU.ActiveCfg = Debug|Any CPU
		{B80296E2-B9BF-4071-B6EF-6D09AC68B8A7}.Debug|Any CPU.Build.0 = Debug|Any CPU
		{B80296E2-B9BF-4071-B6EF-6D09AC68B8A7}.Release|Any CPU.ActiveCfg = Release|Any CPU
		{B80296E2-B9BF-4071-B6EF-6D09AC68B8A7}.Release|Any CPU.Build.0 = Release|Any CPU
	EndGlobalSection
	GlobalSection(SolutionProperties) = preSolution
		HideSolutionNode = FALSE
	EndGlobalSection
	GlobalSection(ExtensibilityGlobals) = postSolution
		SolutionGuid = {016FEAB1-290D-421E-A1EA-3CE3132895C4}
	EndGlobalSection
EndGlobal
