
Microsoft Visual Studio Solution File, Format Version 12.00
# Visual Studio Version 17
VisualStudioVersion = 17.0.31919.166
MinimumVisualStudioVersion = 10.0.40219.1
Project("{FAE04EC0-301F-11D3-BF4B-00C04F79EFBC}") = "1.4.7 vurma", "1.4.7 vurma\1.4.7 vurma.csproj", "{D9EC2F51-15EF-4985-A311-D089EEA8F71E}"
EndProject
Global
	GlobalSection(SolutionConfigurationPlatforms) = preSolution
		Debug|Any CPU = Debug|Any CPU
		Release|Any CPU = Release|Any CPU
	EndGlobalSection
	GlobalSection(ProjectConfigurationPlatforms) = postSolution
		{D9EC2F51-15EF-4985-A311-D089EEA8F71E}.Debug|Any CPU.ActiveCfg = Debug|Any CPU
		{D9EC2F51-15EF-4985-A311-D089EEA8F71E}.Debug|Any CPU.Build.0 = Debug|Any CPU
		{D9EC2F51-15EF-4985-A311-D089EEA8F71E}.Release|Any CPU.ActiveCfg = Release|Any CPU
		{D9EC2F51-15EF-4985-A311-D089EEA8F71E}.Release|Any CPU.Build.0 = Release|Any CPU
	EndGlobalSection
	GlobalSection(SolutionProperties) = preSolution
		HideSolutionNode = FALSE
	EndGlobalSection
	GlobalSection(ExtensibilityGlobals) = postSolution
		SolutionGuid = {33FE68EF-90B0-472B-936D-09A70DCEE8A4}
	EndGlobalSection
EndGlobal
