
Microsoft Visual Studio Solution File, Format Version 12.00
# Visual Studio Version 17
VisualStudioVersion = 17.0.31919.166
MinimumVisualStudioVersion = 10.0.40219.1
Project("{FAE04EC0-301F-11D3-BF4B-00C04F79EFBC}") = "4cu sual 0 lar arasindaki hasil", "4cu sual 0 lar arasindaki hasil\4cu sual 0 lar arasindaki hasil.csproj", "{03F6C900-E9B5-424A-88B4-B45772E04831}"
EndProject
Global
	GlobalSection(SolutionConfigurationPlatforms) = preSolution
		Debug|Any CPU = Debug|Any CPU
		Release|Any CPU = Release|Any CPU
	EndGlobalSection
	GlobalSection(ProjectConfigurationPlatforms) = postSolution
		{03F6C900-E9B5-424A-88B4-B45772E04831}.Debug|Any CPU.ActiveCfg = Debug|Any CPU
		{03F6C900-E9B5-424A-88B4-B45772E04831}.Debug|Any CPU.Build.0 = Debug|Any CPU
		{03F6C900-E9B5-424A-88B4-B45772E04831}.Release|Any CPU.ActiveCfg = Release|Any CPU
		{03F6C900-E9B5-424A-88B4-B45772E04831}.Release|Any CPU.Build.0 = Release|Any CPU
	EndGlobalSection
	GlobalSection(SolutionProperties) = preSolution
		HideSolutionNode = FALSE
	EndGlobalSection
	GlobalSection(ExtensibilityGlobals) = postSolution
		SolutionGuid = {36114238-EA5B-4AE9-9E3B-9A44CE6D0E07}
	EndGlobalSection
EndGlobal
