
Microsoft Visual Studio Solution File, Format Version 12.00
# Visual Studio Version 17
VisualStudioVersion = 17.0.31919.166
MinimumVisualStudioVersion = 10.0.40219.1
Project("{FAE04EC0-301F-11D3-BF4B-00C04F79EFBC}") = "1.4.7 type2", "1.4.7 type2\1.4.7 type2.csproj", "{94422093-04C3-4DA7-8B35-82B8CCD053C3}"
EndProject
Global
	GlobalSection(SolutionConfigurationPlatforms) = preSolution
		Debug|Any CPU = Debug|Any CPU
		Release|Any CPU = Release|Any CPU
	EndGlobalSection
	GlobalSection(ProjectConfigurationPlatforms) = postSolution
		{94422093-04C3-4DA7-8B35-82B8CCD053C3}.Debug|Any CPU.ActiveCfg = Debug|Any CPU
		{94422093-04C3-4DA7-8B35-82B8CCD053C3}.Debug|Any CPU.Build.0 = Debug|Any CPU
		{94422093-04C3-4DA7-8B35-82B8CCD053C3}.Release|Any CPU.ActiveCfg = Release|Any CPU
		{94422093-04C3-4DA7-8B35-82B8CCD053C3}.Release|Any CPU.Build.0 = Release|Any CPU
	EndGlobalSection
	GlobalSection(SolutionProperties) = preSolution
		HideSolutionNode = FALSE
	EndGlobalSection
	GlobalSection(ExtensibilityGlobals) = postSolution
		SolutionGuid = {C3D4E164-C64B-40F1-9EF5-1A8938B36960}
	EndGlobalSection
EndGlobal
