
Microsoft Visual Studio Solution File, Format Version 12.00
# Visual Studio Version 17
VisualStudioVersion = 17.0.31919.166
MinimumVisualStudioVersion = 10.0.40219.1
Project("{FAE04EC0-301F-11D3-BF4B-00C04F79EFBC}") = "2.3.6", "2.3.6\2.3.6.csproj", "{F70E9DEA-2321-4948-B8F8-2496FA968925}"
EndProject
Global
	GlobalSection(SolutionConfigurationPlatforms) = preSolution
		Debug|Any CPU = Debug|Any CPU
		Release|Any CPU = Release|Any CPU
	EndGlobalSection
	GlobalSection(ProjectConfigurationPlatforms) = postSolution
		{F70E9DEA-2321-4948-B8F8-2496FA968925}.Debug|Any CPU.ActiveCfg = Debug|Any CPU
		{F70E9DEA-2321-4948-B8F8-2496FA968925}.Debug|Any CPU.Build.0 = Debug|Any CPU
		{F70E9DEA-2321-4948-B8F8-2496FA968925}.Release|Any CPU.ActiveCfg = Release|Any CPU
		{F70E9DEA-2321-4948-B8F8-2496FA968925}.Release|Any CPU.Build.0 = Release|Any CPU
	EndGlobalSection
	GlobalSection(SolutionProperties) = preSolution
		HideSolutionNode = FALSE
	EndGlobalSection
	GlobalSection(ExtensibilityGlobals) = postSolution
		SolutionGuid = {B7A0921E-0BB6-47F5-A563-09AE9C64416A}
	EndGlobalSection
EndGlobal
